// !$*UTF8*$!
{
	archiveVersion = 1;
	classes = {
	};
	objectVersion = 50;
	objects = {

/* Begin PBXBuildFile section */
		6703281526C1A5B100E82519 /* AppDelegate.swift in Sources */ = {isa = PBXBuildFile; fileRef = 6703281426C1A5B100E82519 /* AppDelegate.swift */; };
		6703281726C1A5B100E82519 /* SceneDelegate.swift in Sources */ = {isa = PBXBuildFile; fileRef = 6703281626C1A5B100E82519 /* SceneDelegate.swift */; };
		6703281926C1A5B100E82519 /* MainViewController.swift in Sources */ = {isa = PBXBuildFile; fileRef = 6703281826C1A5B100E82519 /* MainViewController.swift */; };
		6703281C26C1A5B100E82519 /* Main.storyboard in Resources */ = {isa = PBXBuildFile; fileRef = 6703281A26C1A5B100E82519 /* Main.storyboard */; };
		6703281E26C1A5B200E82519 /* Assets.xcassets in Resources */ = {isa = PBXBuildFile; fileRef = 6703281D26C1A5B200E82519 /* Assets.xcassets */; };
		6703282126C1A5B200E82519 /* LaunchScreen.storyboard in Resources */ = {isa = PBXBuildFile; fileRef = 6703281F26C1A5B200E82519 /* LaunchScreen.storyboard */; };
		6703282926C2CCD800E82519 /* InitialViewController.swift in Sources */ = {isa = PBXBuildFile; fileRef = 6703282826C2CCD800E82519 /* InitialViewController.swift */; };
		6703282C26C4164300E82519 /* weatherSnap.swift in Sources */ = {isa = PBXBuildFile; fileRef = 6703282B26C4164300E82519 /* weatherSnap.swift */; };
		6703282E26C4313600E82519 /* weatherReceiver.swift in Sources */ = {isa = PBXBuildFile; fileRef = 6703282D26C4313600E82519 /* weatherReceiver.swift */; };
		671023EC26DBCD350014C706 /* RestManager.swift in Sources */ = {isa = PBXBuildFile; fileRef = 671023EB26DBCD350014C706 /* RestManager.swift */; };
		671023EE26DD0A100014C706 /* SampleStructures.swift in Sources */ = {isa = PBXBuildFile; fileRef = 671023ED26DD0A100014C706 /* SampleStructures.swift */; };
		6796025D26CC445E00165B26 /* WeatherDetailsTableViewDelegate.swift in Sources */ = {isa = PBXBuildFile; fileRef = 6796025C26CC445E00165B26 /* WeatherDetailsTableViewDelegate.swift */; };
		67986C5926CC330F00001415 /* WeatherSnapshotViewController.swift in Sources */ = {isa = PBXBuildFile; fileRef = 67986C5826CC330F00001415 /* WeatherSnapshotViewController.swift */; };
		67CE8BD826D538D200729141 /* WeatherDetailsTableViewController.swift in Sources */ = {isa = PBXBuildFile; fileRef = 67CE8BD726D538D200729141 /* WeatherDetailsTableViewController.swift */; };
		67CE8BDA26D53E4C00729141 /* WeatherDetailsTableCellView.swift in Sources */ = {isa = PBXBuildFile; fileRef = 67CE8BD926D53E4C00729141 /* WeatherDetailsTableCellView.swift */; };
		67FF428626D7D0E1001687CB /* WeatherSnapshotEnum.swift in Sources */ = {isa = PBXBuildFile; fileRef = 67FF428526D7D0E1001687CB /* WeatherSnapshotEnum.swift */; };
		67FF428A26D7F978001687CB /* WeatherReport.swift in Sources */ = {isa = PBXBuildFile; fileRef = 67FF428926D7F978001687CB /* WeatherReport.swift */; };
		67FF428C26D7FBAF001687CB /* WeatherReportItem.swift in Sources */ = {isa = PBXBuildFile; fileRef = 67FF428B26D7FBAF001687CB /* WeatherReportItem.swift */; };
/* End PBXBuildFile section */

/* Begin PBXFileReference section */
		6703281126C1A5B100E82519 /* WeatherSnapshot.app */ = {isa = PBXFileReference; explicitFileType = wrapper.application; includeInIndex = 0; path = WeatherSnapshot.app; sourceTree = BUILT_PRODUCTS_DIR; };
		6703281426C1A5B100E82519 /* AppDelegate.swift */ = {isa = PBXFileReference; lastKnownFileType = sourcecode.swift; path = AppDelegate.swift; sourceTree = "<group>"; };
		6703281626C1A5B100E82519 /* SceneDelegate.swift */ = {isa = PBXFileReference; lastKnownFileType = sourcecode.swift; path = SceneDelegate.swift; sourceTree = "<group>"; };
		6703281826C1A5B100E82519 /* MainViewController.swift */ = {isa = PBXFileReference; lastKnownFileType = sourcecode.swift; path = MainViewController.swift; sourceTree = "<group>"; };
		6703281B26C1A5B100E82519 /* Base */ = {isa = PBXFileReference; lastKnownFileType = file.storyboard; name = Base; path = Base.lproj/Main.storyboard; sourceTree = "<group>"; };
		6703281D26C1A5B200E82519 /* Assets.xcassets */ = {isa = PBXFileReference; lastKnownFileType = folder.assetcatalog; path = Assets.xcassets; sourceTree = "<group>"; };
		6703282026C1A5B200E82519 /* Base */ = {isa = PBXFileReference; lastKnownFileType = file.storyboard; name = Base; path = Base.lproj/LaunchScreen.storyboard; sourceTree = "<group>"; };
		6703282226C1A5B200E82519 /* Info.plist */ = {isa = PBXFileReference; lastKnownFileType = text.plist.xml; path = Info.plist; sourceTree = "<group>"; };
		6703282826C2CCD800E82519 /* InitialViewController.swift */ = {isa = PBXFileReference; lastKnownFileType = sourcecode.swift; path = InitialViewController.swift; sourceTree = "<group>"; };
		6703282B26C4164300E82519 /* weatherSnap.swift */ = {isa = PBXFileReference; lastKnownFileType = sourcecode.swift; path = weatherSnap.swift; sourceTree = "<group>"; };
		6703282D26C4313600E82519 /* weatherReceiver.swift */ = {isa = PBXFileReference; lastKnownFileType = sourcecode.swift; path = weatherReceiver.swift; sourceTree = "<group>"; };
		671023EB26DBCD350014C706 /* RestManager.swift */ = {isa = PBXFileReference; lastKnownFileType = sourcecode.swift; path = RestManager.swift; sourceTree = "<group>"; };
		671023ED26DD0A100014C706 /* SampleStructures.swift */ = {isa = PBXFileReference; fileEncoding = 4; lastKnownFileType = sourcecode.swift; name = SampleStructures.swift; path = ../../../../../Downloads/RestManager/RestManager/SampleStructures.swift; sourceTree = "<group>"; };
		6796025C26CC445E00165B26 /* WeatherDetailsTableViewDelegate.swift */ = {isa = PBXFileReference; lastKnownFileType = sourcecode.swift; path = WeatherDetailsTableViewDelegate.swift; sourceTree = "<group>"; };
		67986C5826CC330F00001415 /* WeatherSnapshotViewController.swift */ = {isa = PBXFileReference; lastKnownFileType = sourcecode.swift; path = WeatherSnapshotViewController.swift; sourceTree = "<group>"; };
		67CE8BD726D538D200729141 /* WeatherDetailsTableViewController.swift */ = {isa = PBXFileReference; lastKnownFileType = sourcecode.swift; path = WeatherDetailsTableViewController.swift; sourceTree = "<group>"; };
		67CE8BD926D53E4C00729141 /* WeatherDetailsTableCellView.swift */ = {isa = PBXFileReference; lastKnownFileType = sourcecode.swift; path = WeatherDetailsTableCellView.swift; sourceTree = "<group>"; };
		67FF428526D7D0E1001687CB /* WeatherSnapshotEnum.swift */ = {isa = PBXFileReference; lastKnownFileType = sourcecode.swift; path = WeatherSnapshotEnum.swift; sourceTree = "<group>"; };
		67FF428926D7F978001687CB /* WeatherReport.swift */ = {isa = PBXFileReference; lastKnownFileType = sourcecode.swift; path = WeatherReport.swift; sourceTree = "<group>"; };
		67FF428B26D7FBAF001687CB /* WeatherReportItem.swift */ = {isa = PBXFileReference; lastKnownFileType = sourcecode.swift; path = WeatherReportItem.swift; sourceTree = "<group>"; };
/* End PBXFileReference section */

/* Begin PBXFrameworksBuildPhase section */
		6703280E26C1A5B100E82519 /* Frameworks */ = {
			isa = PBXFrameworksBuildPhase;
			buildActionMask = 2147483647;
			files = (
			);
			runOnlyForDeploymentPostprocessing = 0;
		};
/* End PBXFrameworksBuildPhase section */

/* Begin PBXGroup section */
		6703280826C1A5B100E82519 = {
			isa = PBXGroup;
			children = (
				6703281326C1A5B100E82519 /* WeatherSnapshot */,
				6703281226C1A5B100E82519 /* Products */,
			);
			sourceTree = "<group>";
		};
		6703281226C1A5B100E82519 /* Products */ = {
			isa = PBXGroup;
			children = (
				6703281126C1A5B100E82519 /* WeatherSnapshot.app */,
			);
			name = Products;
			sourceTree = "<group>";
		};
		6703281326C1A5B100E82519 /* WeatherSnapshot */ = {
			isa = PBXGroup;
			children = (
				671023EA26DBCD180014C706 /* Models */,
				67986C5726CC32D900001415 /* ViewControllers */,
				6703282A26C415FD00E82519 /* data */,
				6703281426C1A5B100E82519 /* AppDelegate.swift */,
				6703281626C1A5B100E82519 /* SceneDelegate.swift */,
				6703281A26C1A5B100E82519 /* Main.storyboard */,
				6703281D26C1A5B200E82519 /* Assets.xcassets */,
				6703281F26C1A5B200E82519 /* LaunchScreen.storyboard */,
				6703282226C1A5B200E82519 /* Info.plist */,
			);
			path = WeatherSnapshot;
			sourceTree = "<group>";
		};
		6703282A26C415FD00E82519 /* data */ = {
			isa = PBXGroup;
			children = (
				671023ED26DD0A100014C706 /* SampleStructures.swift */,
				6703282B26C4164300E82519 /* weatherSnap.swift */,
				6703282D26C4313600E82519 /* weatherReceiver.swift */,
				67FF428926D7F978001687CB /* WeatherReport.swift */,
			);
			path = data;
			sourceTree = "<group>";
		};
		671023EA26DBCD180014C706 /* Models */ = {
			isa = PBXGroup;
			children = (
				671023EB26DBCD350014C706 /* RestManager.swift */,
			);
			path = Models;
			sourceTree = "<group>";
		};
		6796025B26CC442A00165B26 /* WeatherSnapshotUtils */ = {
			isa = PBXGroup;
			children = (
				6796025C26CC445E00165B26 /* WeatherDetailsTableViewDelegate.swift */,
				67CE8BD926D53E4C00729141 /* WeatherDetailsTableCellView.swift */,
				67FF428526D7D0E1001687CB /* WeatherSnapshotEnum.swift */,
				67FF428B26D7FBAF001687CB /* WeatherReportItem.swift */,
			);
			path = WeatherSnapshotUtils;
			sourceTree = "<group>";
		};
		67986C5726CC32D900001415 /* ViewControllers */ = {
			isa = PBXGroup;
			children = (
				6796025B26CC442A00165B26 /* WeatherSnapshotUtils */,
				6703282826C2CCD800E82519 /* InitialViewController.swift */,
				6703281826C1A5B100E82519 /* MainViewController.swift */,
				67986C5826CC330F00001415 /* WeatherSnapshotViewController.swift */,
				67CE8BD726D538D200729141 /* WeatherDetailsTableViewController.swift */,
			);
			path = ViewControllers;
			sourceTree = "<group>";
		};
/* End PBXGroup section */

/* Begin PBXNativeTarget section */
		6703281026C1A5B100E82519 /* WeatherSnapshot */ = {
			isa = PBXNativeTarget;
			buildConfigurationList = 6703282526C1A5B200E82519 /* Build configuration list for PBXNativeTarget "WeatherSnapshot" */;
			buildPhases = (
				6703280D26C1A5B100E82519 /* Sources */,
				6703280E26C1A5B100E82519 /* Frameworks */,
				6703280F26C1A5B100E82519 /* Resources */,
			);
			buildRules = (
			);
			dependencies = (
			);
			name = WeatherSnapshot;
			productName = WeatherSnapshot;
			productReference = 6703281126C1A5B100E82519 /* WeatherSnapshot.app */;
			productType = "com.apple.product-type.application";
		};
/* End PBXNativeTarget section */

/* Begin PBXProject section */
		6703280926C1A5B100E82519 /* Project object */ = {
			isa = PBXProject;
			attributes = {
				LastSwiftUpdateCheck = 1250;
				LastUpgradeCheck = 1250;
				TargetAttributes = {
					6703281026C1A5B100E82519 = {
						CreatedOnToolsVersion = 12.5.1;
					};
				};
			};
			buildConfigurationList = 6703280C26C1A5B100E82519 /* Build configuration list for PBXProject "WeatherSnapshot" */;
			compatibilityVersion = "Xcode 9.3";
			developmentRegion = en;
			hasScannedForEncodings = 0;
			knownRegions = (
				en,
				Base,
			);
			mainGroup = 6703280826C1A5B100E82519;
			productRefGroup = 6703281226C1A5B100E82519 /* Products */;
			projectDirPath = "";
			projectRoot = "";
			targets = (
				6703281026C1A5B100E82519 /* WeatherSnapshot */,
			);
		};
/* End PBXProject section */

/* Begin PBXResourcesBuildPhase section */
		6703280F26C1A5B100E82519 /* Resources */ = {
			isa = PBXResourcesBuildPhase;
			buildActionMask = 2147483647;
			files = (
				6703282126C1A5B200E82519 /* LaunchScreen.storyboard in Resources */,
				6703281E26C1A5B200E82519 /* Assets.xcassets in Resources */,
				6703281C26C1A5B100E82519 /* Main.storyboard in Resources */,
			);
			runOnlyForDeploymentPostprocessing = 0;
		};
/* End PBXResourcesBuildPhase section */

/* Begin PBXSourcesBuildPhase section */
		6703280D26C1A5B100E82519 /* Sources */ = {
			isa = PBXSourcesBuildPhase;
			buildActionMask = 2147483647;
			files = (
				6703281926C1A5B100E82519 /* MainViewController.swift in Sources */,
				67CE8BD826D538D200729141 /* WeatherDetailsTableViewController.swift in Sources */,
				6703281526C1A5B100E82519 /* AppDelegate.swift in Sources */,
				671023EC26DBCD350014C706 /* RestManager.swift in Sources */,
				6703281726C1A5B100E82519 /* SceneDelegate.swift in Sources */,
				67FF428C26D7FBAF001687CB /* WeatherReportItem.swift in Sources */,
				67986C5926CC330F00001415 /* WeatherSnapshotViewController.swift in Sources */,
				6796025D26CC445E00165B26 /* WeatherDetailsTableViewDelegate.swift in Sources */,
				67FF428A26D7F978001687CB /* WeatherReport.swift in Sources */,
				6703282926C2CCD800E82519 /* InitialViewController.swift in Sources */,
				67CE8BDA26D53E4C00729141 /* WeatherDetailsTableCellView.swift in Sources */,
				67FF428626D7D0E1001687CB /* WeatherSnapshotEnum.swift in Sources */,
				6703282C26C4164300E82519 /* weatherSnap.swift in Sources */,
				671023EE26DD0A100014C706 /* SampleStructures.swift in Sources */,
				6703282E26C4313600E82519 /* weatherReceiver.swift in Sources */,
			);
			runOnlyForDeploymentPostprocessing = 0;
		};
/* End PBXSourcesBuildPhase section */

/* Begin PBXVariantGroup section */
		6703281A26C1A5B100E82519 /* Main.storyboard */ = {
			isa = PBXVariantGroup;
			children = (
				6703281B26C1A5B100E82519 /* Base */,
			);
			name = Main.storyboard;
			sourceTree = "<group>";
		};
		6703281F26C1A5B200E82519 /* LaunchScreen.storyboard */ = {
			isa = PBXVariantGroup;
			children = (
				6703282026C1A5B200E82519 /* Base */,
			);
			name = LaunchScreen.storyboard;
			sourceTree = "<group>";
		};
/* End PBXVariantGroup section */

/* Begin XCBuildConfiguration section */
		6703282326C1A5B200E82519 /* Debug */ = {
			isa = XCBuildConfiguration;
			buildSettings = {
				ALWAYS_SEARCH_USER_PATHS = NO;
				CLANG_ANALYZER_NONNULL = YES;
				CLANG_ANALYZER_NUMBER_OBJECT_CONVERSION = YES_AGGRESSIVE;
				CLANG_CXX_LANGUAGE_STANDARD = "gnu++14";
				CLANG_CXX_LIBRARY = "libc++";
				CLANG_ENABLE_MODULES = YES;
				CLANG_ENABLE_OBJC_ARC = YES;
				CLANG_ENABLE_OBJC_WEAK = YES;
				CLANG_WARN_BLOCK_CAPTURE_AUTORELEASING = YES;
				CLANG_WARN_BOOL_CONVERSION = YES;
				CLANG_WARN_COMMA = YES;
				CLANG_WARN_CONSTANT_CONVERSION = YES;
				CLANG_WARN_DEPRECATED_OBJC_IMPLEMENTATIONS = YES;
				CLANG_WARN_DIRECT_OBJC_ISA_USAGE = YES_ERROR;
				CLANG_WARN_DOCUMENTATION_COMMENTS = YES;
				CLANG_WARN_EMPTY_BODY = YES;
				CLANG_WARN_ENUM_CONVERSION = YES;
				CLANG_WARN_INFINITE_RECURSION = YES;
				CLANG_WARN_INT_CONVERSION = YES;
				CLANG_WARN_NON_LITERAL_NULL_CONVERSION = YES;
				CLANG_WARN_OBJC_IMPLICIT_RETAIN_SELF = YES;
				CLANG_WARN_OBJC_LITERAL_CONVERSION = YES;
				CLANG_WARN_OBJC_ROOT_CLASS = YES_ERROR;
				CLANG_WARN_QUOTED_INCLUDE_IN_FRAMEWORK_HEADER = YES;
				CLANG_WARN_RANGE_LOOP_ANALYSIS = YES;
				CLANG_WARN_STRICT_PROTOTYPES = YES;
				CLANG_WARN_SUSPICIOUS_MOVE = YES;
				CLANG_WARN_UNGUARDED_AVAILABILITY = YES_AGGRESSIVE;
				CLANG_WARN_UNREACHABLE_CODE = YES;
				CLANG_WARN__DUPLICATE_METHOD_MATCH = YES;
				COPY_PHASE_STRIP = NO;
				DEBUG_INFORMATION_FORMAT = dwarf;
				ENABLE_STRICT_OBJC_MSGSEND = YES;
				ENABLE_TESTABILITY = YES;
				GCC_C_LANGUAGE_STANDARD = gnu11;
				GCC_DYNAMIC_NO_PIC = NO;
				GCC_NO_COMMON_BLOCKS = YES;
				GCC_OPTIMIZATION_LEVEL = 0;
				GCC_PREPROCESSOR_DEFINITIONS = (
					"DEBUG=1",
					"$(inherited)",
				);
				GCC_WARN_64_TO_32_BIT_CONVERSION = YES;
				GCC_WARN_ABOUT_RETURN_TYPE = YES_ERROR;
				GCC_WARN_UNDECLARED_SELECTOR = YES;
				GCC_WARN_UNINITIALIZED_AUTOS = YES_AGGRESSIVE;
				GCC_WARN_UNUSED_FUNCTION = YES;
				GCC_WARN_UNUSED_VARIABLE = YES;
				IPHONEOS_DEPLOYMENT_TARGET = 14.5;
				MTL_ENABLE_DEBUG_INFO = INCLUDE_SOURCE;
				MTL_FAST_MATH = YES;
				ONLY_ACTIVE_ARCH = YES;
				SDKROOT = iphoneos;
				SWIFT_ACTIVE_COMPILATION_CONDITIONS = DEBUG;
				SWIFT_OPTIMIZATION_LEVEL = "-Onone";
			};
			name = Debug;
		};
		6703282426C1A5B200E82519 /* Release */ = {
			isa = XCBuildConfiguration;
			buildSettings = {
				ALWAYS_SEARCH_USER_PATHS = NO;
				CLANG_ANALYZER_NONNULL = YES;
				CLANG_ANALYZER_NUMBER_OBJECT_CONVERSION = YES_AGGRESSIVE;
				CLANG_CXX_LANGUAGE_STANDARD = "gnu++14";
				CLANG_CXX_LIBRARY = "libc++";
				CLANG_ENABLE_MODULES = YES;
				CLANG_ENABLE_OBJC_ARC = YES;
				CLANG_ENABLE_OBJC_WEAK = YES;
				CLANG_WARN_BLOCK_CAPTURE_AUTORELEASING = YES;
				CLANG_WARN_BOOL_CONVERSION = YES;
				CLANG_WARN_COMMA = YES;
				CLANG_WARN_CONSTANT_CONVERSION = YES;
				CLANG_WARN_DEPRECATED_OBJC_IMPLEMENTATIONS = YES;
				CLANG_WARN_DIRECT_OBJC_ISA_USAGE = YES_ERROR;
				CLANG_WARN_DOCUMENTATION_COMMENTS = YES;
				CLANG_WARN_EMPTY_BODY = YES;
				CLANG_WARN_ENUM_CONVERSION = YES;
				CLANG_WARN_INFINITE_RECURSION = YES;
				CLANG_WARN_INT_CONVERSION = YES;
				CLANG_WARN_NON_LITERAL_NULL_CONVERSION = YES;
				CLANG_WARN_OBJC_IMPLICIT_RETAIN_SELF = YES;
				CLANG_WARN_OBJC_LITERAL_CONVERSION = YES;
				CLANG_WARN_OBJC_ROOT_CLASS = YES_ERROR;
				CLANG_WARN_QUOTED_INCLUDE_IN_FRAMEWORK_HEADER = YES;
				CLANG_WARN_RANGE_LOOP_ANALYSIS = YES;
				CLANG_WARN_STRICT_PROTOTYPES = YES;
				CLANG_WARN_SUSPICIOUS_MOVE = YES;
				CLANG_WARN_UNGUARDED_AVAILABILITY = YES_AGGRESSIVE;
				CLANG_WARN_UNREACHABLE_CODE = YES;
				CLANG_WARN__DUPLICATE_METHOD_MATCH = YES;
				COPY_PHASE_STRIP = NO;
				DEBUG_INFORMATION_FORMAT = "dwarf-with-dsym";
				ENABLE_NS_ASSERTIONS = NO;
				ENABLE_STRICT_OBJC_MSGSEND = YES;
				GCC_C_LANGUAGE_STANDARD = gnu11;
				GCC_NO_COMMON_BLOCKS = YES;
				GCC_WARN_64_TO_32_BIT_CONVERSION = YES;
				GCC_WARN_ABOUT_RETURN_TYPE = YES_ERROR;
				GCC_WARN_UNDECLARED_SELECTOR = YES;
				GCC_WARN_UNINITIALIZED_AUTOS = YES_AGGRESSIVE;
				GCC_WARN_UNUSED_FUNCTION = YES;
				GCC_WARN_UNUSED_VARIABLE = YES;
				IPHONEOS_DEPLOYMENT_TARGET = 14.5;
				MTL_ENABLE_DEBUG_INFO = NO;
				MTL_FAST_MATH = YES;
				SDKROOT = iphoneos;
				SWIFT_COMPILATION_MODE = wholemodule;
				SWIFT_OPTIMIZATION_LEVEL = "-O";
				VALIDATE_PRODUCT = YES;
			};
			name = Release;
		};
		6703282626C1A5B200E82519 /* Debug */ = {
			isa = XCBuildConfiguration;
			buildSettings = {
				ASSETCATALOG_COMPILER_APPICON_NAME = AppIcon;
				ASSETCATALOG_COMPILER_GLOBAL_ACCENT_COLOR_NAME = AccentColor;
				CODE_SIGN_STYLE = Automatic;
				DEVELOPMENT_TEAM = 766V8AZQ47;
				INFOPLIST_FILE = WeatherSnapshot/Info.plist;
				LD_RUNPATH_SEARCH_PATHS = (
					"$(inherited)",
					"@executable_path/Frameworks",
				);
				PRODUCT_BUNDLE_IDENTIFIER = insightpractice.WeatherSnapshot;
				PRODUCT_NAME = "$(TARGET_NAME)";
				SWIFT_VERSION = 5.0;
				TARGETED_DEVICE_FAMILY = "1,2";
			};
			name = Debug;
		};
		6703282726C1A5B200E82519 /* Release */ = {
			isa = XCBuildConfiguration;
			buildSettings = {
				ASSETCATALOG_COMPILER_APPICON_NAME = AppIcon;
				ASSETCATALOG_COMPILER_GLOBAL_ACCENT_COLOR_NAME = AccentColor;
				CODE_SIGN_STYLE = Automatic;
				DEVELOPMENT_TEAM = 766V8AZQ47;
				INFOPLIST_FILE = WeatherSnapshot/Info.plist;
				LD_RUNPATH_SEARCH_PATHS = (
					"$(inherited)",
					"@executable_path/Frameworks",
				);
				PRODUCT_BUNDLE_IDENTIFIER = insightpractice.WeatherSnapshot;
				PRODUCT_NAME = "$(TARGET_NAME)";
				SWIFT_VERSION = 5.0;
				TARGETED_DEVICE_FAMILY = "1,2";
			};
			name = Release;
		};
/* End XCBuildConfiguration section */

/* Begin XCConfigurationList section */
		6703280C26C1A5B100E82519 /* Build configuration list for PBXProject "WeatherSnapshot" */ = {
			isa = XCConfigurationList;
			buildConfigurations = (
				6703282326C1A5B200E82519 /* Debug */,
				6703282426C1A5B200E82519 /* Release */,
			);
			defaultConfigurationIsVisible = 0;
			defaultConfigurationName = Release;
		};
		6703282526C1A5B200E82519 /* Build configuration list for PBXNativeTarget "WeatherSnapshot" */ = {
			isa = XCConfigurationList;
			buildConfigurations = (
				6703282626C1A5B200E82519 /* Debug */,
				6703282726C1A5B200E82519 /* Release */,
			);
			defaultConfigurationIsVisible = 0;
			defaultConfigurationName = Release;
		};
/* End XCConfigurationList section */
	};
	rootObject = 6703280926C1A5B100E82519 /* Project object */;
}
